
Microsoft Visual Studio Solution File, Format Version 12.00
# Visual Studio Version 17
VisualStudioVersion = 17.2.32630.192
MinimumVisualStudioVersion = 10.0.40219.1
Project("{9A19103F-16F7-4668-BE54-9A1E7A4F7556}") = "Rabbitool", "Rabbitool\Rabbitool.csproj", "{235ED2D8-DEF5-4964-B9A8-6AF25F6BB107}"
EndProject
Project("{9A19103F-16F7-4668-BE54-9A1E7A4F7556}") = "Rabbitool.Model", "Rabbitool.Model\Rabbitool.Model.csproj", "{F9C6907E-4B62-43A8-8F20-6C64D8D7B4E1}"
EndProject
Project("{9A19103F-16F7-4668-BE54-9A1E7A4F7556}") = "Rabbitool.Repository", "Rabbitool.Repository\Rabbitool.Repository.csproj", "{2DC227B4-3B60-4201-A507-5EA5EAB3213D}"
EndProject
Project("{2150E333-8FDC-42A3-9474-1A3956D46DE8}") = "解决方案项", "解决方案项", "{42BF3B31-64A2-4762-8BF5-8F7754ECC000}"
	ProjectSection(SolutionItems) = preProject
		.editorconfig = .editorconfig
		.gitattributes = .gitattributes
		.gitignore = .gitignore
		configs_example.yml = configs_example.yml
		README.md = README.md
	EndProjectSection
EndProject
Project("{9A19103F-16F7-4668-BE54-9A1E7A4F7556}") = "Rabbitool.Common", "Rabbitool.Common\Rabbitool.Common.csproj", "{A3B3A7B5-4F24-428E-8606-3BF44383C747}"
EndProject
Project("{9A19103F-16F7-4668-BE54-9A1E7A4F7556}") = "Rabbitool.Test", "Rabbitool.Test\Rabbitool.Test.csproj", "{31C5E3D7-6056-479E-B830-B42E09587C8A}"
EndProject
Global
	GlobalSection(SolutionConfigurationPlatforms) = preSolution
		Debug|Any CPU = Debug|Any CPU
		Release|Any CPU = Release|Any CPU
	EndGlobalSection
	GlobalSection(ProjectConfigurationPlatforms) = postSolution
		{235ED2D8-DEF5-4964-B9A8-6AF25F6BB107}.Debug|Any CPU.ActiveCfg = Debug|Any CPU
		{235ED2D8-DEF5-4964-B9A8-6AF25F6BB107}.Debug|Any CPU.Build.0 = Debug|Any CPU
		{235ED2D8-DEF5-4964-B9A8-6AF25F6BB107}.Release|Any CPU.ActiveCfg = Release|Any CPU
		{235ED2D8-DEF5-4964-B9A8-6AF25F6BB107}.Release|Any CPU.Build.0 = Release|Any CPU
		{F9C6907E-4B62-43A8-8F20-6C64D8D7B4E1}.Debug|Any CPU.ActiveCfg = Debug|Any CPU
		{F9C6907E-4B62-43A8-8F20-6C64D8D7B4E1}.Debug|Any CPU.Build.0 = Debug|Any CPU
		{F9C6907E-4B62-43A8-8F20-6C64D8D7B4E1}.Release|Any CPU.ActiveCfg = Release|Any CPU
		{F9C6907E-4B62-43A8-8F20-6C64D8D7B4E1}.Release|Any CPU.Build.0 = Release|Any CPU
		{2DC227B4-3B60-4201-A507-5EA5EAB3213D}.Debug|Any CPU.ActiveCfg = Debug|Any CPU
		{2DC227B4-3B60-4201-A507-5EA5EAB3213D}.Debug|Any CPU.Build.0 = Debug|Any CPU
		{2DC227B4-3B60-4201-A507-5EA5EAB3213D}.Release|Any CPU.ActiveCfg = Release|Any CPU
		{2DC227B4-3B60-4201-A507-5EA5EAB3213D}.Release|Any CPU.Build.0 = Release|Any CPU
		{A3B3A7B5-4F24-428E-8606-3BF44383C747}.Debug|Any CPU.ActiveCfg = Debug|Any CPU
		{A3B3A7B5-4F24-428E-8606-3BF44383C747}.Debug|Any CPU.Build.0 = Debug|Any CPU
		{A3B3A7B5-4F24-428E-8606-3BF44383C747}.Release|Any CPU.ActiveCfg = Release|Any CPU
		{A3B3A7B5-4F24-428E-8606-3BF44383C747}.Release|Any CPU.Build.0 = Release|Any CPU
		{31C5E3D7-6056-479E-B830-B42E09587C8A}.Debug|Any CPU.ActiveCfg = Debug|Any CPU
		{31C5E3D7-6056-479E-B830-B42E09587C8A}.Debug|Any CPU.Build.0 = Debug|Any CPU
		{31C5E3D7-6056-479E-B830-B42E09587C8A}.Release|Any CPU.ActiveCfg = Release|Any CPU
		{31C5E3D7-6056-479E-B830-B42E09587C8A}.Release|Any CPU.Build.0 = Release|Any CPU
	EndGlobalSection
	GlobalSection(SolutionProperties) = preSolution
		HideSolutionNode = FALSE
	EndGlobalSection
	GlobalSection(ExtensibilityGlobals) = postSolution
		SolutionGuid = {531BBD07-D364-45BA-A682-342BF0F2C761}
	EndGlobalSection
EndGlobal
